
Microsoft Visual Studio Solution File, Format Version 12.00
# Visual Studio 15
VisualStudioVersion = 15.0.27703.2018
MinimumVisualStudioVersion = 10.0.40219.1
Project("{F184B08F-C81C-45F6-A57F-5ABD9991F28F}") = "RepairBill", "RepairBill\RepairBill.vbproj", "{3AB16D49-975B-4F4B-B96D-072DC461926C}"
EndProject
Global
	GlobalSection(SolutionConfigurationPlatforms) = preSolution
		Debug|Any CPU = Debug|Any CPU
		Release|Any CPU = Release|Any CPU
	EndGlobalSection
	GlobalSection(ProjectConfigurationPlatforms) = postSolution
		{3AB16D49-975B-4F4B-B96D-072DC461926C}.Debug|Any CPU.ActiveCfg = Debug|Any CPU
		{3AB16D49-975B-4F4B-B96D-072DC461926C}.Debug|Any CPU.Build.0 = Debug|Any CPU
		{3AB16D49-975B-4F4B-B96D-072DC461926C}.Release|Any CPU.ActiveCfg = Release|Any CPU
		{3AB16D49-975B-4F4B-B96D-072DC461926C}.Release|Any CPU.Build.0 = Release|Any CPU
	EndGlobalSection
	GlobalSection(SolutionProperties) = preSolution
		HideSolutionNode = FALSE
	EndGlobalSection
	GlobalSection(ExtensibilityGlobals) = postSolution
		SolutionGuid = {6218E5CF-E76F-4897-AC15-B52C95B0981D}
	EndGlobalSection
EndGlobal
